
Microsoft Visual Studio Solution File, Format Version 12.00
# Visual Studio Version 16
VisualStudioVersion = 16.0.31005.135
MinimumVisualStudioVersion = 10.0.40219.1
Project("{FAE04EC0-301F-11D3-BF4B-00C04F79EFBC}") = "UNO-Game", "UNO-Game\UNO-Game.csproj", "{E1178DD5-79AE-4F22-9C41-F83081332857}"
EndProject
Global
	GlobalSection(SolutionConfigurationPlatforms) = preSolution
		Debug|Any CPU = Debug|Any CPU
		Release|Any CPU = Release|Any CPU
	EndGlobalSection
	GlobalSection(ProjectConfigurationPlatforms) = postSolution
		{E1178DD5-79AE-4F22-9C41-F83081332857}.Debug|Any CPU.ActiveCfg = Debug|Any CPU
		{E1178DD5-79AE-4F22-9C41-F83081332857}.Debug|Any CPU.Build.0 = Debug|Any CPU
		{E1178DD5-79AE-4F22-9C41-F83081332857}.Release|Any CPU.ActiveCfg = Release|Any CPU
		{E1178DD5-79AE-4F22-9C41-F83081332857}.Release|Any CPU.Build.0 = Release|Any CPU
	EndGlobalSection
	GlobalSection(SolutionProperties) = preSolution
		HideSolutionNode = FALSE
	EndGlobalSection
	GlobalSection(ExtensibilityGlobals) = postSolution
		SolutionGuid = {A187779B-A3F9-4941-8BB7-028D31DDBFD6}
	EndGlobalSection
EndGlobal
